PODS:
  - ACEDrawingView (2.2.1)
  - APAddressBook (0.3.2):
    - APAddressBook/Core (= 0.3.2)
  - APAddressBook/Core (0.3.2)
  - FLAnimatedImage (1.0.12)
  - JTMaterialSpinner (3.0.3)
  - MBProgressHUD (1.1.0)
  - SnapKit (4.2.0)
  - WeProovSDK (1.0.7):
    - ACEDrawingView (~> 2.2)
    - APAddressBook (~> 0.3)
    - FLAnimatedImage (~> 1.0)
    - JTMaterialSpinner (~> 3.0)
    - MBProgressHUD (~> 1.1)
    - SnapKit (~> 4.0)

DEPENDENCIES:
  - WeProovSDK (from `/Users/jonathan/Desktop/Codage/WeProov/weproov-ios-sdk`)

SPEC REPOS:
  https://github.com/cocoapods/specs.git:
    - ACEDrawingView
    - APAddressBook
    - FLAnimatedImage
    - JTMaterialSpinner
    - MBProgressHUD
    - SnapKit

EXTERNAL SOURCES:
  WeProovSDK:
    :path: "/Users/jonathan/Desktop/Codage/WeProov/weproov-ios-sdk"

SPEC CHECKSUMS:
  ACEDrawingView: fa6e8461682a54db3ac65151474fc77ef7e54fd2
  APAddressBook: e68ecaf95f2c323b625ae585a0d25fe505291286
  FLAnimatedImage: 4a0b56255d9b05f18b6dd7ee06871be5d3b89e31
  JTMaterialSpinner: 95e86472668c18f67f5d9395dfe15251d6894448
  MBProgressHUD: e7baa36a220447d8aeb12769bf0585582f3866d9
  SnapKit: fe8a619752f3f27075cc9a90244d75c6c3f27e2a
  WeProovSDK: ac82709b2737697e7de2397f42b7c4e56f1f15c7

PODFILE CHECKSUM: dff99f67d270a3369dd73bf5b0235f2634ece726

COCOAPODS: 1.5.3
